
Microsoft Visual Studio Solution File, Format Version 12.00
# Visual Studio 15
VisualStudioVersion = 15.0.28307.902
MinimumVisualStudioVersion = 10.0.40219.1
Project("{9A19103F-16F7-4668-BE54-9A1E7A4F7556}") = "ProjetoGraacc", "ProjetoGraacc\ProjetoGraacc.csproj", "{E9D5CC3C-6DD4-4C58-B4DA-525B10596EBE}"
	ProjectSection(ProjectDependencies) = postProject
		{87F2C3D1-EB87-4E93-A545-8765BA52E181} = {87F2C3D1-EB87-4E93-A545-8765BA52E181}
	EndProjectSection
EndProject
Project("{FAE04EC0-301F-11D3-BF4B-00C04F79EFBC}") = "ProjetoGraacc.Data", "ProjetoGraacc.Data\ProjetoGraacc.Data.csproj", "{87F2C3D1-EB87-4E93-A545-8765BA52E181}"
EndProject
Global
	GlobalSection(SolutionConfigurationPlatforms) = preSolution
		Debug|Any CPU = Debug|Any CPU
		Release|Any CPU = Release|Any CPU
	EndGlobalSection
	GlobalSection(ProjectConfigurationPlatforms) = postSolution
		{E9D5CC3C-6DD4-4C58-B4DA-525B10596EBE}.Debug|Any CPU.ActiveCfg = Debug|Any CPU
		{E9D5CC3C-6DD4-4C58-B4DA-525B10596EBE}.Debug|Any CPU.Build.0 = Debug|Any CPU
		{E9D5CC3C-6DD4-4C58-B4DA-525B10596EBE}.Release|Any CPU.ActiveCfg = Release|Any CPU
		{E9D5CC3C-6DD4-4C58-B4DA-525B10596EBE}.Release|Any CPU.Build.0 = Release|Any CPU
		{87F2C3D1-EB87-4E93-A545-8765BA52E181}.Debug|Any CPU.ActiveCfg = Debug|Any CPU
		{87F2C3D1-EB87-4E93-A545-8765BA52E181}.Debug|Any CPU.Build.0 = Debug|Any CPU
		{87F2C3D1-EB87-4E93-A545-8765BA52E181}.Release|Any CPU.ActiveCfg = Release|Any CPU
		{87F2C3D1-EB87-4E93-A545-8765BA52E181}.Release|Any CPU.Build.0 = Release|Any CPU
	EndGlobalSection
	GlobalSection(SolutionProperties) = preSolution
		HideSolutionNode = FALSE
	EndGlobalSection
	GlobalSection(ExtensibilityGlobals) = postSolution
		SolutionGuid = {0A9E1196-F3DC-4083-B781-23D62989E888}
	EndGlobalSection
EndGlobal
